
Microsoft Visual Studio Solution File, Format Version 12.00
# Visual Studio 15
VisualStudioVersion = 15.0.27130.0
MinimumVisualStudioVersion = 10.0.40219.1
Project("{FAE04EC0-301F-11D3-BF4B-00C04F79EFBC}") = "E-Ticaret.UI", "E-Ticaret.UI\E-Ticaret.UI.csproj", "{0B5D9DC7-3FBA-443D-9DC6-F589E8FB985A}"
EndProject
Project("{FAE04EC0-301F-11D3-BF4B-00C04F79EFBC}") = "E-Ticaret.BLL", "E-Ticaret.BLL\E-Ticaret.BLL.csproj", "{4963FACF-59B6-43E0-9C39-AC6E1148AE36}"
EndProject
Project("{FAE04EC0-301F-11D3-BF4B-00C04F79EFBC}") = "E-Ticaret.ENT", "E-Ticaret.ENT\E-Ticaret.ENT.csproj", "{2D33DBDC-5A2E-4FF9-BA54-BB7B487DF3A4}"
EndProject
Project("{FAE04EC0-301F-11D3-BF4B-00C04F79EFBC}") = "E-Ticaret.REP", "E-Ticaret.REP\E-Ticaret.REP.csproj", "{39D03129-8BE7-4732-8F75-E5AF9E0A2572}"
EndProject
Global
	GlobalSection(SolutionConfigurationPlatforms) = preSolution
		Debug|Any CPU = Debug|Any CPU
		Release|Any CPU = Release|Any CPU
	EndGlobalSection
	GlobalSection(ProjectConfigurationPlatforms) = postSolution
		{0B5D9DC7-3FBA-443D-9DC6-F589E8FB985A}.Debug|Any CPU.ActiveCfg = Debug|Any CPU
		{0B5D9DC7-3FBA-443D-9DC6-F589E8FB985A}.Debug|Any CPU.Build.0 = Debug|Any CPU
		{0B5D9DC7-3FBA-443D-9DC6-F589E8FB985A}.Release|Any CPU.ActiveCfg = Release|Any CPU
		{0B5D9DC7-3FBA-443D-9DC6-F589E8FB985A}.Release|Any CPU.Build.0 = Release|Any CPU
		{4963FACF-59B6-43E0-9C39-AC6E1148AE36}.Debug|Any CPU.ActiveCfg = Debug|Any CPU
		{4963FACF-59B6-43E0-9C39-AC6E1148AE36}.Debug|Any CPU.Build.0 = Debug|Any CPU
		{4963FACF-59B6-43E0-9C39-AC6E1148AE36}.Release|Any CPU.ActiveCfg = Release|Any CPU
		{4963FACF-59B6-43E0-9C39-AC6E1148AE36}.Release|Any CPU.Build.0 = Release|Any CPU
		{2D33DBDC-5A2E-4FF9-BA54-BB7B487DF3A4}.Debug|Any CPU.ActiveCfg = Debug|Any CPU
		{2D33DBDC-5A2E-4FF9-BA54-BB7B487DF3A4}.Debug|Any CPU.Build.0 = Debug|Any CPU
		{2D33DBDC-5A2E-4FF9-BA54-BB7B487DF3A4}.Release|Any CPU.ActiveCfg = Release|Any CPU
		{2D33DBDC-5A2E-4FF9-BA54-BB7B487DF3A4}.Release|Any CPU.Build.0 = Release|Any CPU
		{39D03129-8BE7-4732-8F75-E5AF9E0A2572}.Debug|Any CPU.ActiveCfg = Debug|Any CPU
		{39D03129-8BE7-4732-8F75-E5AF9E0A2572}.Debug|Any CPU.Build.0 = Debug|Any CPU
		{39D03129-8BE7-4732-8F75-E5AF9E0A2572}.Release|Any CPU.ActiveCfg = Release|Any CPU
		{39D03129-8BE7-4732-8F75-E5AF9E0A2572}.Release|Any CPU.Build.0 = Release|Any CPU
	EndGlobalSection
	GlobalSection(SolutionProperties) = preSolution
		HideSolutionNode = FALSE
	EndGlobalSection
	GlobalSection(ExtensibilityGlobals) = postSolution
		SolutionGuid = {EA6E2933-19FC-4502-BF04-E5897C0A1BF1}
	EndGlobalSection
EndGlobal
